
Microsoft Visual Studio Solution File, Format Version 12.00
# Visual Studio 15
VisualStudioVersion = 15.0.28307.960
MinimumVisualStudioVersion = 10.0.40219.1
Project("{FAE04EC0-301F-11D3-BF4B-00C04F79EFBC}") = "OrderStringNumber", "OrderStringNumber\OrderStringNumber.csproj", "{8C0DD813-1562-4436-A23D-1B2AEED8FCBA}"
EndProject
Global
	GlobalSection(SolutionConfigurationPlatforms) = preSolution
		Debug|Any CPU = Debug|Any CPU
		Release|Any CPU = Release|Any CPU
	EndGlobalSection
	GlobalSection(ProjectConfigurationPlatforms) = postSolution
		{8C0DD813-1562-4436-A23D-1B2AEED8FCBA}.Debug|Any CPU.ActiveCfg = Debug|Any CPU
		{8C0DD813-1562-4436-A23D-1B2AEED8FCBA}.Debug|Any CPU.Build.0 = Debug|Any CPU
		{8C0DD813-1562-4436-A23D-1B2AEED8FCBA}.Release|Any CPU.ActiveCfg = Release|Any CPU
		{8C0DD813-1562-4436-A23D-1B2AEED8FCBA}.Release|Any CPU.Build.0 = Release|Any CPU
	EndGlobalSection
	GlobalSection(SolutionProperties) = preSolution
		HideSolutionNode = FALSE
	EndGlobalSection
	GlobalSection(ExtensibilityGlobals) = postSolution
		SolutionGuid = {387AEA28-0F08-41B8-909E-4031956E0612}
	EndGlobalSection
EndGlobal
