
Microsoft Visual Studio Solution File, Format Version 12.00
# Visual Studio Version 16
VisualStudioVersion = 16.0.31424.327
MinimumVisualStudioVersion = 10.0.40219.1
Project("{FAE04EC0-301F-11D3-BF4B-00C04F79EFBC}") = "TDD_Tennis", "TDD_Tennis.csproj", "{23F27DF1-F789-463B-B7B9-95DBF979BF7A}"
EndProject
Project("{FAE04EC0-301F-11D3-BF4B-00C04F79EFBC}") = "TDD_Tennis.Test", "..\TDD_Tennis.Test\TDD_Tennis.Test.csproj", "{222C9C07-005E-4A11-8724-8DEB5E3C12D9}"
EndProject
Global
	GlobalSection(SolutionConfigurationPlatforms) = preSolution
		Debug|Any CPU = Debug|Any CPU
		Release|Any CPU = Release|Any CPU
	EndGlobalSection
	GlobalSection(ProjectConfigurationPlatforms) = postSolution
		{23F27DF1-F789-463B-B7B9-95DBF979BF7A}.Debug|Any CPU.ActiveCfg = Debug|Any CPU
		{23F27DF1-F789-463B-B7B9-95DBF979BF7A}.Debug|Any CPU.Build.0 = Debug|Any CPU
		{23F27DF1-F789-463B-B7B9-95DBF979BF7A}.Release|Any CPU.ActiveCfg = Release|Any CPU
		{23F27DF1-F789-463B-B7B9-95DBF979BF7A}.Release|Any CPU.Build.0 = Release|Any CPU
		{222C9C07-005E-4A11-8724-8DEB5E3C12D9}.Debug|Any CPU.ActiveCfg = Debug|Any CPU
		{222C9C07-005E-4A11-8724-8DEB5E3C12D9}.Debug|Any CPU.Build.0 = Debug|Any CPU
		{222C9C07-005E-4A11-8724-8DEB5E3C12D9}.Release|Any CPU.ActiveCfg = Release|Any CPU
		{222C9C07-005E-4A11-8724-8DEB5E3C12D9}.Release|Any CPU.Build.0 = Release|Any CPU
	EndGlobalSection
	GlobalSection(SolutionProperties) = preSolution
		HideSolutionNode = FALSE
	EndGlobalSection
	GlobalSection(ExtensibilityGlobals) = postSolution
		SolutionGuid = {1657DC08-E896-409A-B8B8-EDA8F899CFBF}
	EndGlobalSection
EndGlobal
