
Microsoft Visual Studio Solution File, Format Version 12.00
# Visual Studio 15
VisualStudioVersion = 15.0.28307.960
MinimumVisualStudioVersion = 10.0.40219.1
Project("{FAE04EC0-301F-11D3-BF4B-00C04F79EFBC}") = "TennisKata", "TennisKata\TennisKata.csproj", "{065E5931-AACC-4794-8A11-6E0FD83DE9E6}"
EndProject
Project("{FAE04EC0-301F-11D3-BF4B-00C04F79EFBC}") = "TennisGame.Tests", "TennisGame.Tests\TennisGame.Tests.csproj", "{66EF6A1A-D300-47DD-8801-645932CC5BED}"
EndProject
Global
	GlobalSection(SolutionConfigurationPlatforms) = preSolution
		Debug|Any CPU = Debug|Any CPU
		Release|Any CPU = Release|Any CPU
	EndGlobalSection
	GlobalSection(ProjectConfigurationPlatforms) = postSolution
		{065E5931-AACC-4794-8A11-6E0FD83DE9E6}.Debug|Any CPU.ActiveCfg = Debug|Any CPU
		{065E5931-AACC-4794-8A11-6E0FD83DE9E6}.Debug|Any CPU.Build.0 = Debug|Any CPU
		{065E5931-AACC-4794-8A11-6E0FD83DE9E6}.Release|Any CPU.ActiveCfg = Release|Any CPU
		{065E5931-AACC-4794-8A11-6E0FD83DE9E6}.Release|Any CPU.Build.0 = Release|Any CPU
		{66EF6A1A-D300-47DD-8801-645932CC5BED}.Debug|Any CPU.ActiveCfg = Debug|Any CPU
		{66EF6A1A-D300-47DD-8801-645932CC5BED}.Debug|Any CPU.Build.0 = Debug|Any CPU
		{66EF6A1A-D300-47DD-8801-645932CC5BED}.Release|Any CPU.ActiveCfg = Release|Any CPU
		{66EF6A1A-D300-47DD-8801-645932CC5BED}.Release|Any CPU.Build.0 = Release|Any CPU
	EndGlobalSection
	GlobalSection(SolutionProperties) = preSolution
		HideSolutionNode = FALSE
	EndGlobalSection
	GlobalSection(ExtensibilityGlobals) = postSolution
		SolutionGuid = {09107AFC-4D5F-4760-8583-64565A2ADE49}
	EndGlobalSection
EndGlobal
